version = 1
revision = 3
requires-python = ">=3.10, <4"

[[package]]
name = "dnspython"
version = "2.6.1"
source = { registry = "https://pypi.org/simple" }
sdist = { url = "https://files.pythonhosted.org/packages/37/7d/c871f55054e403fdfd6b8f65fd6d1c4e147ed100d3e9f9ba1fe695403939/dnspython-2.6.1.tar.gz", hash = "sha256:e8f0f9c23a7b7cb99ded64e6c3a6f3e701d78f50c55e002b839dea7225cff7cc", size = 332727, upload-time = "2024-02-18T18:48:48.952Z" }
wheels = [
    { url = "https://files.pythonhosted.org/packages/87/a1/8c5287991ddb8d3e4662f71356d9656d91ab3a36618c3dd11b280df0d255/dnspython-2.6.1-py3-none-any.whl", hash = "sha256:5ef3b9680161f6fa89daf8ad451b5f1a33b18ae8a1c6778cdf4b43f08c0a6e50", size = 307696, upload-time = "2024-02-18T18:48:46.786Z" },
]

[[package]]
name = "six"
version = "1.16.0"
source = { registry = "https://pypi.org/simple" }
sdist = { url = "https://files.pythonhosted.org/packages/71/39/171f1c67cd00715f190ba0b100d606d440a28c93c7714febeca8b79af85e/six-1.16.0.tar.gz", hash = "sha256:1e61c37477a1626458e36f7b1d82aa5c9b094fa4802892072e49de9c60c4c926", size = 34041, upload-time = "2021-05-05T14:18:18.379Z" }
wheels = [
    { url = "https://files.pythonhosted.org/packages/d9/5a/e7c31adbe875f2abbb91bd84cf2dc52d792b5a01506781dbcf25c91daf11/six-1.16.0-py2.py3-none-any.whl", hash = "sha256:8abb2f1d86890a2dfb989f9a77cfcfd3e47c2a354b01111771326f8aa26e0254", size = 11053, upload-time = "2021-05-05T14:18:17.237Z" },
]

[[package]]
name = "xmpp-bridge-py"
version = "0.1.0"
source = { editable = "." }
dependencies = [
    { name = "dnspython" },
    { name = "xmpppy" },
]

[package.metadata]
requires-dist = [
    { name = "dnspython", specifier = ">=2.4.2,<3" },
    { name = "xmpppy", specifier = ">=0.7.3" },
]

[package.metadata.requires-dev]
dev = []

[[package]]
name = "xmpppy"
version = "0.7.3"
source = { registry = "https://pypi.org/simple" }
dependencies = [
    { name = "six" },
]
sdist = { url = "https://files.pythonhosted.org/packages/62/9a/424ef63cdb0af7431495523c396a7deb7db8f17e7a8c18b3f9489f7fccb1/xmpppy-0.7.3.tar.gz", hash = "sha256:c0f4ab504cfecf8b127d857b260e480598ae5522cb7b084c84537503646b3bb6", size = 90252, upload-time = "2026-02-07T23:49:32.338Z" }
wheels = [
    { url = "https://files.pythonhosted.org/packages/03/b1/58b412948774544156882df6cb395d1141d79cdd5986a658e0e5584f8653/xmpppy-0.7.3-py3-none-any.whl", hash = "sha256:d951a480aeb51d32a0e92776b1d05f744d2d7402da95d2175f3e4ca14d0aa9db", size = 86941, upload-time = "2026-02-07T23:49:30.744Z" },
]
